
Microsoft Visual Studio Solution File, Format Version 12.00
# Visual Studio Version 17
VisualStudioVersion = 17.7.34221.43
MinimumVisualStudioVersion = 10.0.40219.1
Project("{FAE04EC0-301F-11D3-BF4B-00C04F79EFBC}") = "DecoratorCoffee", "DecoratorCoffee\DecoratorCoffee.csproj", "{CB37963A-F941-4B1E-8302-9A4A84199A94}"
EndProject
Project("{FAE04EC0-301F-11D3-BF4B-00C04F79EFBC}") = "DecoratorBurger", "DecoratorBurger\DecoratorBurger.csproj", "{FC8EBB36-6E08-4D32-884F-03CB4E82CD28}"
EndProject
Global
	GlobalSection(SolutionConfigurationPlatforms) = preSolution
		Debug|Any CPU = Debug|Any CPU
		Release|Any CPU = Release|Any CPU
	EndGlobalSection
	GlobalSection(ProjectConfigurationPlatforms) = postSolution
		{CB37963A-F941-4B1E-8302-9A4A84199A94}.Debug|Any CPU.ActiveCfg = Debug|Any CPU
		{CB37963A-F941-4B1E-8302-9A4A84199A94}.Debug|Any CPU.Build.0 = Debug|Any CPU
		{CB37963A-F941-4B1E-8302-9A4A84199A94}.Release|Any CPU.ActiveCfg = Release|Any CPU
		{CB37963A-F941-4B1E-8302-9A4A84199A94}.Release|Any CPU.Build.0 = Release|Any CPU
		{FC8EBB36-6E08-4D32-884F-03CB4E82CD28}.Debug|Any CPU.ActiveCfg = Debug|Any CPU
		{FC8EBB36-6E08-4D32-884F-03CB4E82CD28}.Debug|Any CPU.Build.0 = Debug|Any CPU
		{FC8EBB36-6E08-4D32-884F-03CB4E82CD28}.Release|Any CPU.ActiveCfg = Release|Any CPU
		{FC8EBB36-6E08-4D32-884F-03CB4E82CD28}.Release|Any CPU.Build.0 = Release|Any CPU
	EndGlobalSection
	GlobalSection(SolutionProperties) = preSolution
		HideSolutionNode = FALSE
	EndGlobalSection
	GlobalSection(ExtensibilityGlobals) = postSolution
		SolutionGuid = {234B4885-73FC-492C-900D-85E8A1A05123}
	EndGlobalSection
EndGlobal
